// !$*UTF8*$!
{
	archiveVersion = 1;
	classes = {
	};
	objectVersion = 50;
	objects = {

/* Begin PBXBuildFile section */
		9F284C7920BBCFA20083AC94 /* JSSAlertView+UIColor.swift in Sources */ = {isa = PBXBuildFile; fileRef = 9F284C7320BBCFA20083AC94 /* JSSAlertView+UIColor.swift */; };
		9F284C7A20BBCFA20083AC94 /* JSSAlertView.swift in Sources */ = {isa = PBXBuildFile; fileRef = 9F284C7420BBCFA20083AC94 /* JSSAlertView.swift */; };
		9F284C7B20BBCFA20083AC94 /* JSSAlertView+Timer.swift in Sources */ = {isa = PBXBuildFile; fileRef = 9F284C7520BBCFA20083AC94 /* JSSAlertView+Timer.swift */; };
		9F284C7C20BBCFA20083AC94 /* JSSAlertView+Predefined.swift in Sources */ = {isa = PBXBuildFile; fileRef = 9F284C7620BBCFA20083AC94 /* JSSAlertView+Predefined.swift */; };
		9F284C7D20BBCFA20083AC94 /* JSSAlertViewResponder.swift in Sources */ = {isa = PBXBuildFile; fileRef = 9F284C7720BBCFA20083AC94 /* JSSAlertViewResponder.swift */; };
		9F284C7E20BBCFA20083AC94 /* JSSAlertView+Depricated.swift in Sources */ = {isa = PBXBuildFile; fileRef = 9F284C7820BBCFA20083AC94 /* JSSAlertView+Depricated.swift */; };
		9F284C8020BBCFC30083AC94 /* Info.plist in Resources */ = {isa = PBXBuildFile; fileRef = 9F284C7F20BBCFC20083AC94 /* Info.plist */; };
/* End PBXBuildFile section */

/* Begin PBXFileReference section */
		9F284C7320BBCFA20083AC94 /* JSSAlertView+UIColor.swift */ = {isa = PBXFileReference; fileEncoding = 4; lastKnownFileType = sourcecode.swift; name = "JSSAlertView+UIColor.swift"; path = "Classes/JSSAlertView+UIColor.swift"; sourceTree = "<group>"; };
		9F284C7420BBCFA20083AC94 /* JSSAlertView.swift */ = {isa = PBXFileReference; fileEncoding = 4; lastKnownFileType = sourcecode.swift; name = JSSAlertView.swift; path = Classes/JSSAlertView.swift; sourceTree = "<group>"; };
		9F284C7520BBCFA20083AC94 /* JSSAlertView+Timer.swift */ = {isa = PBXFileReference; fileEncoding = 4; lastKnownFileType = sourcecode.swift; name = "JSSAlertView+Timer.swift"; path = "Classes/JSSAlertView+Timer.swift"; sourceTree = "<group>"; };
		9F284C7620BBCFA20083AC94 /* JSSAlertView+Predefined.swift */ = {isa = PBXFileReference; fileEncoding = 4; lastKnownFileType = sourcecode.swift; name = "JSSAlertView+Predefined.swift"; path = "Classes/JSSAlertView+Predefined.swift"; sourceTree = "<group>"; };
		9F284C7720BBCFA20083AC94 /* JSSAlertViewResponder.swift */ = {isa = PBXFileReference; fileEncoding = 4; lastKnownFileType = sourcecode.swift; name = JSSAlertViewResponder.swift; path = Classes/JSSAlertViewResponder.swift; sourceTree = "<group>"; };
		9F284C7820BBCFA20083AC94 /* JSSAlertView+Depricated.swift */ = {isa = PBXFileReference; fileEncoding = 4; lastKnownFileType = sourcecode.swift; name = "JSSAlertView+Depricated.swift"; path = "Classes/JSSAlertView+Depricated.swift"; sourceTree = "<group>"; };
		9F284C7F20BBCFC20083AC94 /* Info.plist */ = {isa = PBXFileReference; fileEncoding = 4; lastKnownFileType = text.plist.xml; path = Info.plist; sourceTree = "<group>"; };
		9F994F9B20BBBD7E0073940D /* JSSAlertView.framework */ = {isa = PBXFileReference; explicitFileType = wrapper.framework; includeInIndex = 0; path = JSSAlertView.framework; sourceTree = BUILT_PRODUCTS_DIR; };
/* End PBXFileReference section */

/* Begin PBXFrameworksBuildPhase section */
		9F994F9720BBBD7E0073940D /* Frameworks */ = {
			isa = PBXFrameworksBuildPhase;
			buildActionMask = 2147483647;
			files = (
			);
			runOnlyForDeploymentPostprocessing = 0;
		};
/* End PBXFrameworksBuildPhase section */

/* Begin PBXGroup section */
		9F994F9120BBBD7E0073940D = {
			isa = PBXGroup;
			children = (
				9F994F9D20BBBD7E0073940D /* JSSAlertView */,
				9F994F9C20BBBD7E0073940D /* Products */,
			);
			sourceTree = "<group>";
		};
		9F994F9C20BBBD7E0073940D /* Products */ = {
			isa = PBXGroup;
			children = (
				9F994F9B20BBBD7E0073940D /* JSSAlertView.framework */,
			);
			name = Products;
			sourceTree = "<group>";
		};
		9F994F9D20BBBD7E0073940D /* JSSAlertView */ = {
			isa = PBXGroup;
			children = (
				9F284C7420BBCFA20083AC94 /* JSSAlertView.swift */,
				9F284C7820BBCFA20083AC94 /* JSSAlertView+Depricated.swift */,
				9F284C7620BBCFA20083AC94 /* JSSAlertView+Predefined.swift */,
				9F284C7520BBCFA20083AC94 /* JSSAlertView+Timer.swift */,
				9F284C7320BBCFA20083AC94 /* JSSAlertView+UIColor.swift */,
				9F284C7720BBCFA20083AC94 /* JSSAlertViewResponder.swift */,
				9F284C7F20BBCFC20083AC94 /* Info.plist */,
			);
			path = JSSAlertView;
			sourceTree = "<group>";
		};
/* End PBXGroup section */

/* Begin PBXHeadersBuildPhase section */
		9F994F9820BBBD7E0073940D /* Headers */ = {
			isa = PBXHeadersBuildPhase;
			buildActionMask = 2147483647;
			files = (
			);
			runOnlyForDeploymentPostprocessing = 0;
		};
/* End PBXHeadersBuildPhase section */

/* Begin PBXNativeTarget section */
		9F994F9A20BBBD7E0073940D /* JSSAlertView */ = {
			isa = PBXNativeTarget;
			buildConfigurationList = 9F994FA320BBBD7E0073940D /* Build configuration list for PBXNativeTarget "JSSAlertView" */;
			buildPhases = (
				9F994F9620BBBD7E0073940D /* Sources */,
				9F994F9720BBBD7E0073940D /* Frameworks */,
				9F994F9820BBBD7E0073940D /* Headers */,
				9F994F9920BBBD7E0073940D /* Resources */,
			);
			buildRules = (
			);
			dependencies = (
			);
			name = JSSAlertView;
			productName = JSSAlertView;
			productReference = 9F994F9B20BBBD7E0073940D /* JSSAlertView.framework */;
			productType = "com.apple.product-type.framework";
		};
/* End PBXNativeTarget section */

/* Begin PBXProject section */
		9F994F9220BBBD7E0073940D /* Project object */ = {
			isa = PBXProject;
			attributes = {
				LastUpgradeCheck = 0930;
				ORGANIZATIONNAME = org.cocoapods.JSSAlertView;
				TargetAttributes = {
					9F994F9A20BBBD7E0073940D = {
						CreatedOnToolsVersion = 9.3.1;
						LastSwiftMigration = 0930;
					};
				};
			};
			buildConfigurationList = 9F994F9520BBBD7E0073940D /* Build configuration list for PBXProject "JSSAlertView" */;
			compatibilityVersion = "Xcode 9.3";
			developmentRegion = en;
			hasScannedForEncodings = 0;
			knownRegions = (
				en,
			);
			mainGroup = 9F994F9120BBBD7E0073940D;
			productRefGroup = 9F994F9C20BBBD7E0073940D /* Products */;
			projectDirPath = "";
			projectRoot = "";
			targets = (
				9F994F9A20BBBD7E0073940D /* JSSAlertView */,
			);
		};
/* End PBXProject section */

/* Begin PBXResourcesBuildPhase section */
		9F994F9920BBBD7E0073940D /* Resources */ = {
			isa = PBXResourcesBuildPhase;
			buildActionMask = 2147483647;
			files = (
				9F284C8020BBCFC30083AC94 /* Info.plist in Resources */,
			);
			runOnlyForDeploymentPostprocessing = 0;
		};
/* End PBXResourcesBuildPhase section */

/* Begin PBXSourcesBuildPhase section */
		9F994F9620BBBD7E0073940D /* Sources */ = {
			isa = PBXSourcesBuildPhase;
			buildActionMask = 2147483647;
			files = (
				9F284C7C20BBCFA20083AC94 /* JSSAlertView+Predefined.swift in Sources */,
				9F284C7A20BBCFA20083AC94 /* JSSAlertView.swift in Sources */,
				9F284C7920BBCFA20083AC94 /* JSSAlertView+UIColor.swift in Sources */,
				9F284C7B20BBCFA20083AC94 /* JSSAlertView+Timer.swift in Sources */,
				9F284C7D20BBCFA20083AC94 /* JSSAlertViewResponder.swift in Sources */,
				9F284C7E20BBCFA20083AC94 /* JSSAlertView+Depricated.swift in Sources */,
			);
			runOnlyForDeploymentPostprocessing = 0;
		};
/* End PBXSourcesBuildPhase section */

/* Begin XCBuildConfiguration section */
		9F994FA120BBBD7E0073940D /* Debug */ = {
			isa = XCBuildConfiguration;
			buildSettings = {
				ALWAYS_SEARCH_USER_PATHS = NO;
				CLANG_ANALYZER_NONNULL = YES;
				CLANG_ANALYZER_NUMBER_OBJECT_CONVERSION = YES_AGGRESSIVE;
				CLANG_CXX_LANGUAGE_STANDARD = "gnu++14";
				CLANG_CXX_LIBRARY = "libc++";
				CLANG_ENABLE_MODULES = YES;
				CLANG_ENABLE_OBJC_ARC = YES;
				CLANG_ENABLE_OBJC_WEAK = YES;
				CLANG_WARN_BLOCK_CAPTURE_AUTORELEASING = YES;
				CLANG_WARN_BOOL_CONVERSION = YES;
				CLANG_WARN_COMMA = YES;
				CLANG_WARN_CONSTANT_CONVERSION = YES;
				CLANG_WARN_DEPRECATED_OBJC_IMPLEMENTATIONS = YES;
				CLANG_WARN_DIRECT_OBJC_ISA_USAGE = YES_ERROR;
				CLANG_WARN_DOCUMENTATION_COMMENTS = YES;
				CLANG_WARN_EMPTY_BODY = YES;
				CLANG_WARN_ENUM_CONVERSION = YES;
				CLANG_WARN_INFINITE_RECURSION = YES;
				CLANG_WARN_INT_CONVERSION = YES;
				CLANG_WARN_NON_LITERAL_NULL_CONVERSION = YES;
				CLANG_WARN_OBJC_IMPLICIT_RETAIN_SELF = YES;
				CLANG_WARN_OBJC_LITERAL_CONVERSION = YES;
				CLANG_WARN_OBJC_ROOT_CLASS = YES_ERROR;
				CLANG_WARN_RANGE_LOOP_ANALYSIS = YES;
				CLANG_WARN_STRICT_PROTOTYPES = YES;
				CLANG_WARN_SUSPICIOUS_MOVE = YES;
				CLANG_WARN_UNGUARDED_AVAILABILITY = YES_AGGRESSIVE;
				CLANG_WARN_UNREACHABLE_CODE = YES;
				CLANG_WARN__DUPLICATE_METHOD_MATCH = YES;
				CODE_SIGN_IDENTITY = "iPhone Developer";
				COPY_PHASE_STRIP = NO;
				CURRENT_PROJECT_VERSION = 1;
				DEBUG_INFORMATION_FORMAT = dwarf;
				ENABLE_STRICT_OBJC_MSGSEND = YES;
				ENABLE_TESTABILITY = YES;
				GCC_C_LANGUAGE_STANDARD = gnu11;
				GCC_DYNAMIC_NO_PIC = NO;
				GCC_NO_COMMON_BLOCKS = YES;
				GCC_OPTIMIZATION_LEVEL = 0;
				GCC_PREPROCESSOR_DEFINITIONS = (
					"DEBUG=1",
					"$(inherited)",
				);
				GCC_WARN_64_TO_32_BIT_CONVERSION = YES;
				GCC_WARN_ABOUT_RETURN_TYPE = YES_ERROR;
				GCC_WARN_UNDECLARED_SELECTOR = YES;
				GCC_WARN_UNINITIALIZED_AUTOS = YES_AGGRESSIVE;
				GCC_WARN_UNUSED_FUNCTION = YES;
				GCC_WARN_UNUSED_VARIABLE = YES;
				IPHONEOS_DEPLOYMENT_TARGET = 11.3;
				MTL_ENABLE_DEBUG_INFO = YES;
				ONLY_ACTIVE_ARCH = YES;
				SDKROOT = iphoneos;
				SWIFT_ACTIVE_COMPILATION_CONDITIONS = DEBUG;
				SWIFT_OPTIMIZATION_LEVEL = "-Onone";
				VERSIONING_SYSTEM = "apple-generic";
				VERSION_INFO_PREFIX = "";
			};
			name = Debug;
		};
		9F994FA220BBBD7E0073940D /* Release */ = {
			isa = XCBuildConfiguration;
			buildSettings = {
				ALWAYS_SEARCH_USER_PATHS = NO;
				CLANG_ANALYZER_NONNULL = YES;
				CLANG_ANALYZER_NUMBER_OBJECT_CONVERSION = YES_AGGRESSIVE;
				CLANG_CXX_LANGUAGE_STANDARD = "gnu++14";
				CLANG_CXX_LIBRARY = "libc++";
				CLANG_ENABLE_MODULES = YES;
				CLANG_ENABLE_OBJC_ARC = YES;
				CLANG_ENABLE_OBJC_WEAK = YES;
				CLANG_WARN_BLOCK_CAPTURE_AUTORELEASING = YES;
				CLANG_WARN_BOOL_CONVERSION = YES;
				CLANG_WARN_COMMA = YES;
				CLANG_WARN_CONSTANT_CONVERSION = YES;
				CLANG_WARN_DEPRECATED_OBJC_IMPLEMENTATIONS = YES;
				CLANG_WARN_DIRECT_OBJC_ISA_USAGE = YES_ERROR;
				CLANG_WARN_DOCUMENTATION_COMMENTS = YES;
				CLANG_WARN_EMPTY_BODY = YES;
				CLANG_WARN_ENUM_CONVERSION = YES;
				CLANG_WARN_INFINITE_RECURSION = YES;
				CLANG_WARN_INT_CONVERSION = YES;
				CLANG_WARN_NON_LITERAL_NULL_CONVERSION = YES;
				CLANG_WARN_OBJC_IMPLICIT_RETAIN_SELF = YES;
				CLANG_WARN_OBJC_LITERAL_CONVERSION = YES;
				CLANG_WARN_OBJC_ROOT_CLASS = YES_ERROR;
				CLANG_WARN_RANGE_LOOP_ANALYSIS = YES;
				CLANG_WARN_STRICT_PROTOTYPES = YES;
				CLANG_WARN_SUSPICIOUS_MOVE = YES;
				CLANG_WARN_UNGUARDED_AVAILABILITY = YES_AGGRESSIVE;
				CLANG_WARN_UNREACHABLE_CODE = YES;
				CLANG_WARN__DUPLICATE_METHOD_MATCH = YES;
				CODE_SIGN_IDENTITY = "iPhone Developer";
				COPY_PHASE_STRIP = NO;
				CURRENT_PROJECT_VERSION = 1;
				DEBUG_INFORMATION_FORMAT = "dwarf-with-dsym";
				ENABLE_NS_ASSERTIONS = NO;
				ENABLE_STRICT_OBJC_MSGSEND = YES;
				GCC_C_LANGUAGE_STANDARD = gnu11;
				GCC_NO_COMMON_BLOCKS = YES;
				GCC_WARN_64_TO_32_BIT_CONVERSION = YES;
				GCC_WARN_ABOUT_RETURN_TYPE = YES_ERROR;
				GCC_WARN_UNDECLARED_SELECTOR = YES;
				GCC_WARN_UNINITIALIZED_AUTOS = YES_AGGRESSIVE;
				GCC_WARN_UNUSED_FUNCTION = YES;
				GCC_WARN_UNUSED_VARIABLE = YES;
				IPHONEOS_DEPLOYMENT_TARGET = 11.3;
				MTL_ENABLE_DEBUG_INFO = NO;
				SDKROOT = iphoneos;
				SWIFT_COMPILATION_MODE = wholemodule;
				SWIFT_OPTIMIZATION_LEVEL = "-O";
				VALIDATE_PRODUCT = YES;
				VERSIONING_SYSTEM = "apple-generic";
				VERSION_INFO_PREFIX = "";
			};
			name = Release;
		};
		9F994FA420BBBD7E0073940D /* Debug */ = {
			isa = XCBuildConfiguration;
			buildSettings = {
				CLANG_ENABLE_MODULES = YES;
				CODE_SIGN_IDENTITY = "";
				CODE_SIGN_STYLE = Automatic;
				DEFINES_MODULE = YES;
				DYLIB_COMPATIBILITY_VERSION = 1;
				DYLIB_CURRENT_VERSION = 1;
				DYLIB_INSTALL_NAME_BASE = "@rpath";
				INFOPLIST_FILE = JSSAlertView/Info.plist;
				INSTALL_PATH = "$(LOCAL_LIBRARY_DIR)/Frameworks";
				IPHONEOS_DEPLOYMENT_TARGET = 11.0;
				LD_RUNPATH_SEARCH_PATHS = (
					"$(inherited)",
					"@executable_path/Frameworks",
					"@loader_path/Frameworks",
				);
				PRODUCT_BUNDLE_IDENTIFIER = JSSAlertView.JSSAlertView;
				PRODUCT_NAME = "$(TARGET_NAME:c99extidentifier)";
				SKIP_INSTALL = YES;
				SWIFT_OPTIMIZATION_LEVEL = "-Onone";
				SWIFT_VERSION = 4.0;
				TARGETED_DEVICE_FAMILY = "1,2";
			};
			name = Debug;
		};
		9F994FA520BBBD7E0073940D /* Release */ = {
			isa = XCBuildConfiguration;
			buildSettings = {
				CLANG_ENABLE_MODULES = YES;
				CODE_SIGN_IDENTITY = "";
				CODE_SIGN_STYLE = Automatic;
				DEFINES_MODULE = YES;
				DYLIB_COMPATIBILITY_VERSION = 1;
				DYLIB_CURRENT_VERSION = 1;
				DYLIB_INSTALL_NAME_BASE = "@rpath";
				INFOPLIST_FILE = JSSAlertView/Info.plist;
				INSTALL_PATH = "$(LOCAL_LIBRARY_DIR)/Frameworks";
				IPHONEOS_DEPLOYMENT_TARGET = 11.0;
				LD_RUNPATH_SEARCH_PATHS = (
					"$(inherited)",
					"@executable_path/Frameworks",
					"@loader_path/Frameworks",
				);
				PRODUCT_BUNDLE_IDENTIFIER = JSSAlertView.JSSAlertView;
				PRODUCT_NAME = "$(TARGET_NAME:c99extidentifier)";
				SKIP_INSTALL = YES;
				SWIFT_VERSION = 4.0;
				TARGETED_DEVICE_FAMILY = "1,2";
			};
			name = Release;
		};
/* End XCBuildConfiguration section */

/* Begin XCConfigurationList section */
		9F994F9520BBBD7E0073940D /* Build configuration list for PBXProject "JSSAlertView" */ = {
			isa = XCConfigurationList;
			buildConfigurations = (
				9F994FA120BBBD7E0073940D /* Debug */,
				9F994FA220BBBD7E0073940D /* Release */,
			);
			defaultConfigurationIsVisible = 0;
			defaultConfigurationName = Release;
		};
		9F994FA320BBBD7E0073940D /* Build configuration list for PBXNativeTarget "JSSAlertView" */ = {
			isa = XCConfigurationList;
			buildConfigurations = (
				9F994FA420BBBD7E0073940D /* Debug */,
				9F994FA520BBBD7E0073940D /* Release */,
			);
			defaultConfigurationIsVisible = 0;
			defaultConfigurationName = Release;
		};
/* End XCConfigurationList section */
	};
	rootObject = 9F994F9220BBBD7E0073940D /* Project object */;
}
