PODS:
  - FBSnapshotTestCase (2.1.1):
    - FBSnapshotTestCase/SwiftSupport (= 2.1.1)
  - FBSnapshotTestCase/Core (2.1.1)
  - FBSnapshotTestCase/SwiftSupport (2.1.1):
    - FBSnapshotTestCase/Core
  - JSSAlertView (1.1.5)
  - Nimble (5.0.0-alpha.30p1)
  - Quick (0.9.3)

DEPENDENCIES:
  - FBSnapshotTestCase (from `https://github.com/Nuglif/ios-snapshot-test-case.git`, branch `swift-beta-3`)
  - JSSAlertView (from `../`)
  - Nimble (from `https://github.com/Quick/Nimble`, branch `swift-3.0`)
  - Quick (from `https://github.com/Quick/Quick.git`, branch `swift-3.0`)

EXTERNAL SOURCES:
  FBSnapshotTestCase:
    :branch: swift-beta-3
    :git: https://github.com/Nuglif/ios-snapshot-test-case.git
  JSSAlertView:
    :path: "../"
  Nimble:
    :branch: swift-3.0
    :git: https://github.com/Quick/Nimble
  Quick:
    :branch: swift-3.0
    :git: https://github.com/Quick/Quick.git

CHECKOUT OPTIONS:
  FBSnapshotTestCase:
    :commit: 5a3d9439efa943ee386378dbee068e9e9ccefae0
    :git: https://github.com/Nuglif/ios-snapshot-test-case.git
  Nimble:
    :commit: 4b539a275d2714212ce598177d586680fc088927
    :git: https://github.com/Quick/Nimble
  Quick:
    :commit: 6110c50b518a72a24cd2505c8012fa785c3b1c8e
    :git: https://github.com/Quick/Quick.git

SPEC CHECKSUMS:
  FBSnapshotTestCase: 95f1c83e738d991136f56e6c99a45bb4e63b05ab
  JSSAlertView: 1ff5d4dcb28b00a38c0293c4c555231c02590be1
  Nimble: c5b995b4cd57789ec44b0cfb79640fc00e61a8c7
  Quick: 31fb576b6cbb6b028cc5e0016e4366accbb346f5

PODFILE CHECKSUM: 2510759a5fc1a72cc40171029787c03ce89f7c62

COCOAPODS: 1.0.1
