// !$*UTF8*$!
{
	archiveVersion = 1;
	classes = {
	};
	objectVersion = 46;
	objects = {

/* Begin PBXBuildFile section */
		0D15C3C119D10AE900A03F3E /* AppDelegate.swift in Sources */ = {isa = PBXBuildFile; fileRef = 0D15C3C019D10AE900A03F3E /* AppDelegate.swift */; };
		0D15C3C319D10AE900A03F3E /* ViewController.swift in Sources */ = {isa = PBXBuildFile; fileRef = 0D15C3C219D10AE900A03F3E /* ViewController.swift */; };
		0D15C3C619D10AE900A03F3E /* Main.storyboard in Resources */ = {isa = PBXBuildFile; fileRef = 0D15C3C419D10AE900A03F3E /* Main.storyboard */; };
		0D15C3C819D10AE900A03F3E /* Images.xcassets in Resources */ = {isa = PBXBuildFile; fileRef = 0D15C3C719D10AE900A03F3E /* Images.xcassets */; };
		0D15C3D719D10AEA00A03F3E /* JSSAlertViewExampleTests.swift in Sources */ = {isa = PBXBuildFile; fileRef = 0D15C3D619D10AEA00A03F3E /* JSSAlertViewExampleTests.swift */; };
		0D381A5D19D9C127004708F6 /* JSSAlertView.swift in Sources */ = {isa = PBXBuildFile; fileRef = 0D381A5C19D9C127004708F6 /* JSSAlertView.swift */; };
		0DB0983819DEB5B8001C7385 /* ClearSans-Bold.ttf in Resources */ = {isa = PBXBuildFile; fileRef = 0DB0983519DEB5B8001C7385 /* ClearSans-Bold.ttf */; };
		0DB0983919DEB5B8001C7385 /* ClearSans-Regular.ttf in Resources */ = {isa = PBXBuildFile; fileRef = 0DB0983619DEB5B8001C7385 /* ClearSans-Regular.ttf */; };
		0DB0983C19DEB633001C7385 /* ClearSans-Light.ttf in Resources */ = {isa = PBXBuildFile; fileRef = 0DB0983B19DEB633001C7385 /* ClearSans-Light.ttf */; };
		35976AFF1C56D2E100FF96E4 /* DummyViewController.swift in Sources */ = {isa = PBXBuildFile; fileRef = 35976AFE1C56D2E100FF96E4 /* DummyViewController.swift */; };
/* End PBXBuildFile section */

/* Begin PBXContainerItemProxy section */
		0D15C3D119D10AEA00A03F3E /* PBXContainerItemProxy */ = {
			isa = PBXContainerItemProxy;
			containerPortal = 0D15C3B319D10AE900A03F3E /* Project object */;
			proxyType = 1;
			remoteGlobalIDString = 0D15C3BA19D10AE900A03F3E;
			remoteInfo = JSSAlertViewExample;
		};
/* End PBXContainerItemProxy section */

/* Begin PBXFileReference section */
		0D15C3BB19D10AE900A03F3E /* JSSAlertViewExample.app */ = {isa = PBXFileReference; explicitFileType = wrapper.application; includeInIndex = 0; path = JSSAlertViewExample.app; sourceTree = BUILT_PRODUCTS_DIR; };
		0D15C3BF19D10AE900A03F3E /* Info.plist */ = {isa = PBXFileReference; lastKnownFileType = text.plist.xml; path = Info.plist; sourceTree = "<group>"; };
		0D15C3C019D10AE900A03F3E /* AppDelegate.swift */ = {isa = PBXFileReference; lastKnownFileType = sourcecode.swift; path = AppDelegate.swift; sourceTree = "<group>"; };
		0D15C3C219D10AE900A03F3E /* ViewController.swift */ = {isa = PBXFileReference; lastKnownFileType = sourcecode.swift; path = ViewController.swift; sourceTree = "<group>"; };
		0D15C3C519D10AE900A03F3E /* Base */ = {isa = PBXFileReference; lastKnownFileType = file.storyboard; name = Base; path = Base.lproj/Main.storyboard; sourceTree = "<group>"; };
		0D15C3C719D10AE900A03F3E /* Images.xcassets */ = {isa = PBXFileReference; lastKnownFileType = folder.assetcatalog; path = Images.xcassets; sourceTree = "<group>"; };
		0D15C3D019D10AEA00A03F3E /* JSSAlertViewExampleTests.xctest */ = {isa = PBXFileReference; explicitFileType = wrapper.cfbundle; includeInIndex = 0; path = JSSAlertViewExampleTests.xctest; sourceTree = BUILT_PRODUCTS_DIR; };
		0D15C3D519D10AEA00A03F3E /* Info.plist */ = {isa = PBXFileReference; lastKnownFileType = text.plist.xml; path = Info.plist; sourceTree = "<group>"; };
		0D15C3D619D10AEA00A03F3E /* JSSAlertViewExampleTests.swift */ = {isa = PBXFileReference; lastKnownFileType = sourcecode.swift; path = JSSAlertViewExampleTests.swift; sourceTree = "<group>"; };
		0D381A5C19D9C127004708F6 /* JSSAlertView.swift */ = {isa = PBXFileReference; fileEncoding = 4; lastKnownFileType = sourcecode.swift; name = JSSAlertView.swift; path = ../../JSSAlertView.swift; sourceTree = "<group>"; };
		0DB0983519DEB5B8001C7385 /* ClearSans-Bold.ttf */ = {isa = PBXFileReference; lastKnownFileType = file; path = "ClearSans-Bold.ttf"; sourceTree = "<group>"; };
		0DB0983619DEB5B8001C7385 /* ClearSans-Regular.ttf */ = {isa = PBXFileReference; lastKnownFileType = file; path = "ClearSans-Regular.ttf"; sourceTree = "<group>"; };
		0DB0983B19DEB633001C7385 /* ClearSans-Light.ttf */ = {isa = PBXFileReference; lastKnownFileType = file; path = "ClearSans-Light.ttf"; sourceTree = "<group>"; };
		35976AFE1C56D2E100FF96E4 /* DummyViewController.swift */ = {isa = PBXFileReference; fileEncoding = 4; lastKnownFileType = sourcecode.swift; path = DummyViewController.swift; sourceTree = "<group>"; };
/* End PBXFileReference section */

/* Begin PBXFrameworksBuildPhase section */
		0D15C3B819D10AE900A03F3E /* Frameworks */ = {
			isa = PBXFrameworksBuildPhase;
			buildActionMask = 2147483647;
			files = (
			);
			runOnlyForDeploymentPostprocessing = 0;
		};
		0D15C3CD19D10AEA00A03F3E /* Frameworks */ = {
			isa = PBXFrameworksBuildPhase;
			buildActionMask = 2147483647;
			files = (
			);
			runOnlyForDeploymentPostprocessing = 0;
		};
/* End PBXFrameworksBuildPhase section */

/* Begin PBXGroup section */
		0D15C3B219D10AE900A03F3E = {
			isa = PBXGroup;
			children = (
				0D15C3BD19D10AE900A03F3E /* JSSAlertViewExample */,
				0D15C3D319D10AEA00A03F3E /* JSSAlertViewExampleTests */,
				0D15C3BC19D10AE900A03F3E /* Products */,
			);
			sourceTree = "<group>";
		};
		0D15C3BC19D10AE900A03F3E /* Products */ = {
			isa = PBXGroup;
			children = (
				0D15C3BB19D10AE900A03F3E /* JSSAlertViewExample.app */,
				0D15C3D019D10AEA00A03F3E /* JSSAlertViewExampleTests.xctest */,
			);
			name = Products;
			sourceTree = "<group>";
		};
		0D15C3BD19D10AE900A03F3E /* JSSAlertViewExample */ = {
			isa = PBXGroup;
			children = (
				0D381A5E19D9C12C004708F6 /* JSSAlertView */,
				0D15C3C019D10AE900A03F3E /* AppDelegate.swift */,
				35976AFE1C56D2E100FF96E4 /* DummyViewController.swift */,
				0D15C3C219D10AE900A03F3E /* ViewController.swift */,
				0D15C3C419D10AE900A03F3E /* Main.storyboard */,
				0D15C3C719D10AE900A03F3E /* Images.xcassets */,
				0DB0982719DEB2E9001C7385 /* Resources */,
				0D15C3BE19D10AE900A03F3E /* Supporting Files */,
			);
			path = JSSAlertViewExample;
			sourceTree = "<group>";
		};
		0D15C3BE19D10AE900A03F3E /* Supporting Files */ = {
			isa = PBXGroup;
			children = (
				0D15C3BF19D10AE900A03F3E /* Info.plist */,
			);
			name = "Supporting Files";
			sourceTree = "<group>";
		};
		0D15C3D319D10AEA00A03F3E /* JSSAlertViewExampleTests */ = {
			isa = PBXGroup;
			children = (
				0D15C3D619D10AEA00A03F3E /* JSSAlertViewExampleTests.swift */,
				0D15C3D419D10AEA00A03F3E /* Supporting Files */,
			);
			path = JSSAlertViewExampleTests;
			sourceTree = "<group>";
		};
		0D15C3D419D10AEA00A03F3E /* Supporting Files */ = {
			isa = PBXGroup;
			children = (
				0D15C3D519D10AEA00A03F3E /* Info.plist */,
			);
			name = "Supporting Files";
			sourceTree = "<group>";
		};
		0D381A5E19D9C12C004708F6 /* JSSAlertView */ = {
			isa = PBXGroup;
			children = (
				0D381A5C19D9C127004708F6 /* JSSAlertView.swift */,
			);
			name = JSSAlertView;
			sourceTree = "<group>";
		};
		0DB0982719DEB2E9001C7385 /* Resources */ = {
			isa = PBXGroup;
			children = (
				0DB0982819DEB2ED001C7385 /* Fonts */,
			);
			name = Resources;
			sourceTree = "<group>";
		};
		0DB0982819DEB2ED001C7385 /* Fonts */ = {
			isa = PBXGroup;
			children = (
				0DB0983B19DEB633001C7385 /* ClearSans-Light.ttf */,
				0DB0983519DEB5B8001C7385 /* ClearSans-Bold.ttf */,
				0DB0983619DEB5B8001C7385 /* ClearSans-Regular.ttf */,
			);
			name = Fonts;
			sourceTree = "<group>";
		};
/* End PBXGroup section */

/* Begin PBXNativeTarget section */
		0D15C3BA19D10AE900A03F3E /* JSSAlertViewExample */ = {
			isa = PBXNativeTarget;
			buildConfigurationList = 0D15C3DA19D10AEA00A03F3E /* Build configuration list for PBXNativeTarget "JSSAlertViewExample" */;
			buildPhases = (
				0D15C3B719D10AE900A03F3E /* Sources */,
				0D15C3B819D10AE900A03F3E /* Frameworks */,
				0D15C3B919D10AE900A03F3E /* Resources */,
			);
			buildRules = (
			);
			dependencies = (
			);
			name = JSSAlertViewExample;
			productName = JSSAlertViewExample;
			productReference = 0D15C3BB19D10AE900A03F3E /* JSSAlertViewExample.app */;
			productType = "com.apple.product-type.application";
		};
		0D15C3CF19D10AEA00A03F3E /* JSSAlertViewExampleTests */ = {
			isa = PBXNativeTarget;
			buildConfigurationList = 0D15C3DD19D10AEA00A03F3E /* Build configuration list for PBXNativeTarget "JSSAlertViewExampleTests" */;
			buildPhases = (
				0D15C3CC19D10AEA00A03F3E /* Sources */,
				0D15C3CD19D10AEA00A03F3E /* Frameworks */,
				0D15C3CE19D10AEA00A03F3E /* Resources */,
			);
			buildRules = (
			);
			dependencies = (
				0D15C3D219D10AEA00A03F3E /* PBXTargetDependency */,
			);
			name = JSSAlertViewExampleTests;
			productName = JSSAlertViewExampleTests;
			productReference = 0D15C3D019D10AEA00A03F3E /* JSSAlertViewExampleTests.xctest */;
			productType = "com.apple.product-type.bundle.unit-test";
		};
/* End PBXNativeTarget section */

/* Begin PBXProject section */
		0D15C3B319D10AE900A03F3E /* Project object */ = {
			isa = PBXProject;
			attributes = {
				LastSwiftMigration = 0720;
				LastSwiftUpdateCheck = 0720;
				LastUpgradeCheck = 0600;
				ORGANIZATIONNAME = "Jay Stakelon";
				TargetAttributes = {
					0D15C3BA19D10AE900A03F3E = {
						CreatedOnToolsVersion = 6.0;
					};
					0D15C3CF19D10AEA00A03F3E = {
						CreatedOnToolsVersion = 6.0;
						TestTargetID = 0D15C3BA19D10AE900A03F3E;
					};
				};
			};
			buildConfigurationList = 0D15C3B619D10AE900A03F3E /* Build configuration list for PBXProject "JSSAlertViewExample" */;
			compatibilityVersion = "Xcode 3.2";
			developmentRegion = English;
			hasScannedForEncodings = 0;
			knownRegions = (
				en,
				Base,
			);
			mainGroup = 0D15C3B219D10AE900A03F3E;
			productRefGroup = 0D15C3BC19D10AE900A03F3E /* Products */;
			projectDirPath = "";
			projectRoot = "";
			targets = (
				0D15C3BA19D10AE900A03F3E /* JSSAlertViewExample */,
				0D15C3CF19D10AEA00A03F3E /* JSSAlertViewExampleTests */,
			);
		};
/* End PBXProject section */

/* Begin PBXResourcesBuildPhase section */
		0D15C3B919D10AE900A03F3E /* Resources */ = {
			isa = PBXResourcesBuildPhase;
			buildActionMask = 2147483647;
			files = (
				0DB0983C19DEB633001C7385 /* ClearSans-Light.ttf in Resources */,
				0DB0983819DEB5B8001C7385 /* ClearSans-Bold.ttf in Resources */,
				0D15C3C619D10AE900A03F3E /* Main.storyboard in Resources */,
				0DB0983919DEB5B8001C7385 /* ClearSans-Regular.ttf in Resources */,
				0D15C3C819D10AE900A03F3E /* Images.xcassets in Resources */,
			);
			runOnlyForDeploymentPostprocessing = 0;
		};
		0D15C3CE19D10AEA00A03F3E /* Resources */ = {
			isa = PBXResourcesBuildPhase;
			buildActionMask = 2147483647;
			files = (
			);
			runOnlyForDeploymentPostprocessing = 0;
		};
/* End PBXResourcesBuildPhase section */

/* Begin PBXSourcesBuildPhase section */
		0D15C3B719D10AE900A03F3E /* Sources */ = {
			isa = PBXSourcesBuildPhase;
			buildActionMask = 2147483647;
			files = (
				0D381A5D19D9C127004708F6 /* JSSAlertView.swift in Sources */,
				0D15C3C319D10AE900A03F3E /* ViewController.swift in Sources */,
				0D15C3C119D10AE900A03F3E /* AppDelegate.swift in Sources */,
				35976AFF1C56D2E100FF96E4 /* DummyViewController.swift in Sources */,
			);
			runOnlyForDeploymentPostprocessing = 0;
		};
		0D15C3CC19D10AEA00A03F3E /* Sources */ = {
			isa = PBXSourcesBuildPhase;
			buildActionMask = 2147483647;
			files = (
				0D15C3D719D10AEA00A03F3E /* JSSAlertViewExampleTests.swift in Sources */,
			);
			runOnlyForDeploymentPostprocessing = 0;
		};
/* End PBXSourcesBuildPhase section */

/* Begin PBXTargetDependency section */
		0D15C3D219D10AEA00A03F3E /* PBXTargetDependency */ = {
			isa = PBXTargetDependency;
			target = 0D15C3BA19D10AE900A03F3E /* JSSAlertViewExample */;
			targetProxy = 0D15C3D119D10AEA00A03F3E /* PBXContainerItemProxy */;
		};
/* End PBXTargetDependency section */

/* Begin PBXVariantGroup section */
		0D15C3C419D10AE900A03F3E /* Main.storyboard */ = {
			isa = PBXVariantGroup;
			children = (
				0D15C3C519D10AE900A03F3E /* Base */,
			);
			name = Main.storyboard;
			sourceTree = "<group>";
		};
/* End PBXVariantGroup section */

/* Begin XCBuildConfiguration section */
		0D15C3D819D10AEA00A03F3E /* Debug */ = {
			isa = XCBuildConfiguration;
			buildSettings = {
				ALWAYS_SEARCH_USER_PATHS = NO;
				CLANG_CXX_LANGUAGE_STANDARD = "gnu++0x";
				CLANG_CXX_LIBRARY = "libc++";
				CLANG_ENABLE_MODULES = YES;
				CLANG_ENABLE_OBJC_ARC = YES;
				CLANG_WARN_BOOL_CONVERSION = YES;
				CLANG_WARN_CONSTANT_CONVERSION = YES;
				CLANG_WARN_DIRECT_OBJC_ISA_USAGE = YES_ERROR;
				CLANG_WARN_EMPTY_BODY = YES;
				CLANG_WARN_ENUM_CONVERSION = YES;
				CLANG_WARN_INT_CONVERSION = YES;
				CLANG_WARN_OBJC_ROOT_CLASS = YES_ERROR;
				CLANG_WARN_UNREACHABLE_CODE = YES;
				CLANG_WARN__DUPLICATE_METHOD_MATCH = YES;
				"CODE_SIGN_IDENTITY[sdk=iphoneos*]" = "iPhone Developer";
				COPY_PHASE_STRIP = NO;
				ENABLE_STRICT_OBJC_MSGSEND = YES;
				ENABLE_TESTABILITY = YES;
				GCC_C_LANGUAGE_STANDARD = gnu99;
				GCC_DYNAMIC_NO_PIC = NO;
				GCC_OPTIMIZATION_LEVEL = 0;
				GCC_PREPROCESSOR_DEFINITIONS = (
					"DEBUG=1",
					"$(inherited)",
				);
				GCC_SYMBOLS_PRIVATE_EXTERN = NO;
				GCC_WARN_64_TO_32_BIT_CONVERSION = YES;
				GCC_WARN_ABOUT_RETURN_TYPE = YES_ERROR;
				GCC_WARN_UNDECLARED_SELECTOR = YES;
				GCC_WARN_UNINITIALIZED_AUTOS = YES_AGGRESSIVE;
				GCC_WARN_UNUSED_FUNCTION = YES;
				GCC_WARN_UNUSED_VARIABLE = YES;
				IPHONEOS_DEPLOYMENT_TARGET = 8.0;
				MTL_ENABLE_DEBUG_INFO = YES;
				ONLY_ACTIVE_ARCH = YES;
				SDKROOT = iphoneos;
				SWIFT_OPTIMIZATION_LEVEL = "-Onone";
			};
			name = Debug;
		};
		0D15C3D919D10AEA00A03F3E /* Release */ = {
			isa = XCBuildConfiguration;
			buildSettings = {
				ALWAYS_SEARCH_USER_PATHS = NO;
				CLANG_CXX_LANGUAGE_STANDARD = "gnu++0x";
				CLANG_CXX_LIBRARY = "libc++";
				CLANG_ENABLE_MODULES = YES;
				CLANG_ENABLE_OBJC_ARC = YES;
				CLANG_WARN_BOOL_CONVERSION = YES;
				CLANG_WARN_CONSTANT_CONVERSION = YES;
				CLANG_WARN_DIRECT_OBJC_ISA_USAGE = YES_ERROR;
				CLANG_WARN_EMPTY_BODY = YES;
				CLANG_WARN_ENUM_CONVERSION = YES;
				CLANG_WARN_INT_CONVERSION = YES;
				CLANG_WARN_OBJC_ROOT_CLASS = YES_ERROR;
				CLANG_WARN_UNREACHABLE_CODE = YES;
				CLANG_WARN__DUPLICATE_METHOD_MATCH = YES;
				"CODE_SIGN_IDENTITY[sdk=iphoneos*]" = "iPhone Developer";
				COPY_PHASE_STRIP = YES;
				ENABLE_NS_ASSERTIONS = NO;
				ENABLE_STRICT_OBJC_MSGSEND = YES;
				GCC_C_LANGUAGE_STANDARD = gnu99;
				GCC_WARN_64_TO_32_BIT_CONVERSION = YES;
				GCC_WARN_ABOUT_RETURN_TYPE = YES_ERROR;
				GCC_WARN_UNDECLARED_SELECTOR = YES;
				GCC_WARN_UNINITIALIZED_AUTOS = YES_AGGRESSIVE;
				GCC_WARN_UNUSED_FUNCTION = YES;
				GCC_WARN_UNUSED_VARIABLE = YES;
				IPHONEOS_DEPLOYMENT_TARGET = 8.0;
				MTL_ENABLE_DEBUG_INFO = NO;
				SDKROOT = iphoneos;
				VALIDATE_PRODUCT = YES;
			};
			name = Release;
		};
		0D15C3DB19D10AEA00A03F3E /* Debug */ = {
			isa = XCBuildConfiguration;
			buildSettings = {
				ASSETCATALOG_COMPILER_APPICON_NAME = AppIcon;
				ASSETCATALOG_COMPILER_LAUNCHIMAGE_NAME = LaunchImage;
				INFOPLIST_FILE = JSSAlertViewExample/Info.plist;
				IPHONEOS_DEPLOYMENT_TARGET = 7.0;
				LD_RUNPATH_SEARCH_PATHS = "$(inherited) @executable_path/Frameworks";
				PRODUCT_BUNDLE_IDENTIFIER = "com.stakelon.$(PRODUCT_NAME:rfc1034identifier)";
				PRODUCT_NAME = "$(TARGET_NAME)";
				TARGETED_DEVICE_FAMILY = "1,2";
			};
			name = Debug;
		};
		0D15C3DC19D10AEA00A03F3E /* Release */ = {
			isa = XCBuildConfiguration;
			buildSettings = {
				ASSETCATALOG_COMPILER_APPICON_NAME = AppIcon;
				ASSETCATALOG_COMPILER_LAUNCHIMAGE_NAME = LaunchImage;
				INFOPLIST_FILE = JSSAlertViewExample/Info.plist;
				IPHONEOS_DEPLOYMENT_TARGET = 7.0;
				LD_RUNPATH_SEARCH_PATHS = "$(inherited) @executable_path/Frameworks";
				PRODUCT_BUNDLE_IDENTIFIER = "com.stakelon.$(PRODUCT_NAME:rfc1034identifier)";
				PRODUCT_NAME = "$(TARGET_NAME)";
				TARGETED_DEVICE_FAMILY = "1,2";
			};
			name = Release;
		};
		0D15C3DE19D10AEA00A03F3E /* Debug */ = {
			isa = XCBuildConfiguration;
			buildSettings = {
				BUNDLE_LOADER = "$(TEST_HOST)";
				FRAMEWORK_SEARCH_PATHS = (
					"$(SDKROOT)/Developer/Library/Frameworks",
					"$(inherited)",
				);
				GCC_PREPROCESSOR_DEFINITIONS = (
					"DEBUG=1",
					"$(inherited)",
				);
				INFOPLIST_FILE = JSSAlertViewExampleTests/Info.plist;
				LD_RUNPATH_SEARCH_PATHS = "$(inherited) @executable_path/Frameworks @loader_path/Frameworks";
				PRODUCT_BUNDLE_IDENTIFIER = "com.stakelon.$(PRODUCT_NAME:rfc1034identifier)";
				PRODUCT_NAME = "$(TARGET_NAME)";
				TEST_HOST = "$(BUILT_PRODUCTS_DIR)/JSSAlertViewExample.app/JSSAlertViewExample";
			};
			name = Debug;
		};
		0D15C3DF19D10AEA00A03F3E /* Release */ = {
			isa = XCBuildConfiguration;
			buildSettings = {
				BUNDLE_LOADER = "$(TEST_HOST)";
				FRAMEWORK_SEARCH_PATHS = (
					"$(SDKROOT)/Developer/Library/Frameworks",
					"$(inherited)",
				);
				INFOPLIST_FILE = JSSAlertViewExampleTests/Info.plist;
				LD_RUNPATH_SEARCH_PATHS = "$(inherited) @executable_path/Frameworks @loader_path/Frameworks";
				PRODUCT_BUNDLE_IDENTIFIER = "com.stakelon.$(PRODUCT_NAME:rfc1034identifier)";
				PRODUCT_NAME = "$(TARGET_NAME)";
				TEST_HOST = "$(BUILT_PRODUCTS_DIR)/JSSAlertViewExample.app/JSSAlertViewExample";
			};
			name = Release;
		};
/* End XCBuildConfiguration section */

/* Begin XCConfigurationList section */
		0D15C3B619D10AE900A03F3E /* Build configuration list for PBXProject "JSSAlertViewExample" */ = {
			isa = XCConfigurationList;
			buildConfigurations = (
				0D15C3D819D10AEA00A03F3E /* Debug */,
				0D15C3D919D10AEA00A03F3E /* Release */,
			);
			defaultConfigurationIsVisible = 0;
			defaultConfigurationName = Release;
		};
		0D15C3DA19D10AEA00A03F3E /* Build configuration list for PBXNativeTarget "JSSAlertViewExample" */ = {
			isa = XCConfigurationList;
			buildConfigurations = (
				0D15C3DB19D10AEA00A03F3E /* Debug */,
				0D15C3DC19D10AEA00A03F3E /* Release */,
			);
			defaultConfigurationIsVisible = 0;
			defaultConfigurationName = Release;
		};
		0D15C3DD19D10AEA00A03F3E /* Build configuration list for PBXNativeTarget "JSSAlertViewExampleTests" */ = {
			isa = XCConfigurationList;
			buildConfigurations = (
				0D15C3DE19D10AEA00A03F3E /* Debug */,
				0D15C3DF19D10AEA00A03F3E /* Release */,
			);
			defaultConfigurationIsVisible = 0;
			defaultConfigurationName = Release;
		};
/* End XCConfigurationList section */
	};
	rootObject = 0D15C3B319D10AE900A03F3E /* Project object */;
}
